
Microsoft Visual Studio Solution File, Format Version 12.00
# Visual Studio Version 16
VisualStudioVersion = 16.0.29519.87
MinimumVisualStudioVersion = 10.0.40219.1
Project("{2150E333-8FDC-42A3-9474-1A3956D46DE8}") = "Week_1_", "Week_1_", "{DD7FEE27-856B-475C-AA5E-7CD2B0586DDA}"
EndProject
Project("{FAE04EC0-301F-11D3-BF4B-00C04F79EFBC}") = "Opdracht0", "Week_1\Opdracht_0\Opdracht0.csproj", "{0E7F3F63-8D39-40D4-BBBE-179D461E1E50}"
EndProject
Project("{FAE04EC0-301F-11D3-BF4B-00C04F79EFBC}") = "Opdracht1", "Week_1\Opdracht_1\Opdracht1.csproj", "{5A7BEA78-776C-4A4C-A379-CA9323E25F19}"
EndProject
Project("{FAE04EC0-301F-11D3-BF4B-00C04F79EFBC}") = "Opdracht2", "Week_1\Opdracht_2\Opdracht2.csproj", "{7056D56D-954A-4816-9885-8E73D3B2CDC3}"
EndProject
Project("{FAE04EC0-301F-11D3-BF4B-00C04F79EFBC}") = "Opdracht3", "Week_1\Opdracht_3\Opdracht3.csproj", "{53CB95B7-D0C2-4E54-8382-A9D7280173C8}"
EndProject
Project("{2150E333-8FDC-42A3-9474-1A3956D46DE8}") = "Week_3_", "Week_3_", "{895688D5-4CB3-46DA-83CF-49F538477F33}"
EndProject
Project("{FAE04EC0-301F-11D3-BF4B-00C04F79EFBC}") = "Opdracht1", "Week_3_\Opdracht_1\Opdracht1.csproj", "{36910D6C-537F-4660-8F87-A298EE5C66F9}"
EndProject
Project("{FAE04EC0-301F-11D3-BF4B-00C04F79EFBC}") = "Opdracht2", "Week_3_\Opdracht_2\Opdracht2.csproj", "{FD1774D3-FB9D-491A-AE05-74F11E9F4ABC}"
EndProject
Project("{FAE04EC0-301F-11D3-BF4B-00C04F79EFBC}") = "Opdracht3", "Week_3_\Opdracht_3\Opdracht3.csproj", "{D12C9B15-8DF9-4E0F-89CA-BC9C76532437}"
EndProject
Project("{2150E333-8FDC-42A3-9474-1A3956D46DE8}") = "Week_4_", "Week_4_", "{99220935-BDDE-460B-A15F-D61F416A41AE}"
EndProject
Project("{FAE04EC0-301F-11D3-BF4B-00C04F79EFBC}") = "Opdracht1", "Week_4_\Opdracht_1\Opdracht_1\Opdracht1.csproj", "{F63B2E31-C329-4D0E-BDE8-141C011F5083}"
EndProject
Project("{9A19103F-16F7-4668-BE54-9A1E7A4F7556}") = "MyTools", "Week_4_\Opdracht_1\MyTools\MyTools.csproj", "{1AA5C709-9209-41C7-B605-B63BD16B80FD}"
EndProject
Project("{FAE04EC0-301F-11D3-BF4B-00C04F79EFBC}") = "Opdracht2", "Week_4_\Opdracht_2\Opdracht_2\Opdracht2.csproj", "{2FB93EBD-0886-4526-B58E-03FB3E7F83A0}"
	ProjectSection(ProjectDependencies) = postProject
		{45B2E572-E598-49AA-81A0-A1584B8D48C6} = {45B2E572-E598-49AA-81A0-A1584B8D48C6}
	EndProjectSection
EndProject
Project("{FAE04EC0-301F-11D3-BF4B-00C04F79EFBC}") = "GalgjeLogica", "Week_4_\Opdracht_2\GalgjeLogica\GalgjeLogica.csproj", "{45B2E572-E598-49AA-81A0-A1584B8D48C6}"
EndProject
Project("{FAE04EC0-301F-11D3-BF4B-00C04F79EFBC}") = "GalgjeDal", "Week_4_\Opdracht_2\GalgjeDal\GalgjeDal.csproj", "{6BB29EAA-575A-427F-AA97-34E1755D7262}"
EndProject
Project("{2150E333-8FDC-42A3-9474-1A3956D46DE8}") = "Week_2_", "Week_2_", "{E793D30B-8980-4F08-BCDF-14173D7DAD30}"
EndProject
Project("{FAE04EC0-301F-11D3-BF4B-00C04F79EFBC}") = "Opdracht1", "Week_2_\Opdracht_1\Opdracht1.csproj", "{F1EC3D89-173E-48BE-9BA2-3807831F41AF}"
EndProject
Project("{2150E333-8FDC-42A3-9474-1A3956D46DE8}") = "Opdracht_1", "Opdracht_1", "{1CFA7217-2D02-4DB1-9905-FEFE72A180D8}"
EndProject
Project("{2150E333-8FDC-42A3-9474-1A3956D46DE8}") = "Opdracht_2", "Opdracht_2", "{DB40599B-A9B2-42D5-816B-C0F57382240A}"
EndProject
Project("{FAE04EC0-301F-11D3-BF4B-00C04F79EFBC}") = "Opdracht2", "Week_2_\Opdracht_2\Opdracht2.csproj", "{15BD349F-C34D-44EF-A2BF-009ED118CF97}"
EndProject
Project("{FAE04EC0-301F-11D3-BF4B-00C04F79EFBC}") = "Opdracht3", "Week_2_\Opdracht3\Opdracht3.csproj", "{0F703342-81AA-47B5-9C4F-BC3999121940}"
EndProject
Project("{2150E333-8FDC-42A3-9474-1A3956D46DE8}") = "Week_5_", "Week_5_", "{8FD02703-D6A8-45FF-876C-54171198FDDD}"
EndProject
Project("{2150E333-8FDC-42A3-9474-1A3956D46DE8}") = "Opdracht_4", "Opdracht_4", "{2F5DA905-767C-4D6A-A2DD-06E8728707DB}"
EndProject
Project("{2150E333-8FDC-42A3-9474-1A3956D46DE8}") = "Week_6_", "Week_6_", "{77DC947F-C82F-4C8B-A2A3-B6A4A51FA435}"
EndProject
Project("{FAE04EC0-301F-11D3-BF4B-00C04F79EFBC}") = "Opdracht 1, 2, 3", "Week_6\Opdracht 1, 2, 3\Opdracht 1, 2, 3.csproj", "{1780F221-B828-4A9E-8825-A8238AC38464}"
EndProject
Project("{2150E333-8FDC-42A3-9474-1A3956D46DE8}") = "Opdracht_4", "Opdracht_4", "{CA23013C-47FC-49AE-ADA9-1FAC27D1DF1F}"
EndProject
Project("{FAE04EC0-301F-11D3-BF4B-00C04F79EFBC}") = "Opdracht_4", "Week_4_\Opdracht_4\Opdracht_4.csproj", "{B32E6C2E-AE7C-4C39-8035-55579DD9CA2F}"
EndProject
Project("{2150E333-8FDC-42A3-9474-1A3956D46DE8}") = "Opdracht_1", "Opdracht_1", "{732DC86A-01A3-4553-99F4-E2EC30FCDDD5}"
EndProject
Project("{9A19103F-16F7-4668-BE54-9A1E7A4F7556}") = "MyTools_", "Week_5\Opdracht_1\MyTools_\MyTools_.csproj", "{4D9A68AB-CDD1-418A-9215-84458A8C1823}"
EndProject
Project("{FAE04EC0-301F-11D3-BF4B-00C04F79EFBC}") = "MyToolsApplication", "Week_5\Opdracht_1\MyToolsApplication\MyToolsApplication.csproj", "{5D42B783-3C23-4500-BFAF-3429FBAC42D1}"
EndProject
Project("{2150E333-8FDC-42A3-9474-1A3956D46DE8}") = "Opdracht_2", "Opdracht_2", "{0199AE78-45F0-4ACC-8E66-BF2A896EAA53}"
EndProject
Project("{9A19103F-16F7-4668-BE54-9A1E7A4F7556}") = "CandyCrushLogica", "Week_5\Opdracht_2\CandyCrushLogica\CandyCrushLogica.csproj", "{4BA3784F-D3D8-4DBF-AE25-ED2B3792E338}"
EndProject
Project("{9A19103F-16F7-4668-BE54-9A1E7A4F7556}") = "CandyCrushModel", "Week_5\Opdracht_2\CandyCrushModel\CandyCrushModel.csproj", "{50FFE2F7-4801-4EF9-AA71-53FB154B78D6}"
EndProject
Project("{FAE04EC0-301F-11D3-BF4B-00C04F79EFBC}") = "CandyCrushApplicatie", "Week_5\Opdracht_2\CandyCrushApplicatie\CandyCrushApplicatie.csproj", "{6EC0364A-D2B2-4514-9D2A-1FB3FCDF4739}"
EndProject
Project("{2150E333-8FDC-42A3-9474-1A3956D46DE8}") = "Opdracht_3", "Opdracht_3", "{87E4BDA6-5992-42E6-9A9D-D214D7140320}"
EndProject
Project("{FAE04EC0-301F-11D3-BF4B-00C04F79EFBC}") = "Vertaling", "Week_5\Opdracht_3\Vertaling\Vertaling.csproj", "{B1793118-8D90-4655-B99B-55D0CF9C6933}"
EndProject
Project("{9A19103F-16F7-4668-BE54-9A1E7A4F7556}") = "LingoLogic", "Week_5\Opdracht_4\LingoLogic\LingoLogic.csproj", "{24D6378B-2020-4A61-8D74-A17AE92F5307}"
EndProject
Project("{9A19103F-16F7-4668-BE54-9A1E7A4F7556}") = "LingoDal", "Week_5\Opdracht_4\LingoDal\LingoDal.csproj", "{1C0CEBF9-C962-4744-B72A-6B7F4F15057E}"
EndProject
Project("{9A19103F-16F7-4668-BE54-9A1E7A4F7556}") = "LingoModel", "Week_5\Opdracht_4\LingoModel\LingoModel.csproj", "{CAB2DD30-5A56-4745-9476-71875999E28C}"
EndProject
Project("{FAE04EC0-301F-11D3-BF4B-00C04F79EFBC}") = "LingoApplication", "Week_5\Opdracht_4\LingoApplication\LingoApplication.csproj", "{40B89351-5EBC-49C3-8024-DFCCE8BBDD6A}"
EndProject
Project("{2150E333-8FDC-42A3-9474-1A3956D46DE8}") = "Opdracht_3", "Opdracht_3", "{DAC33A9E-4B55-4471-8964-DA13285BB9DB}"
EndProject
Project("{FAE04EC0-301F-11D3-BF4B-00C04F79EFBC}") = "Opdracht_3", "Week_4_\Opdracht_3\Opdracht_3\Opdracht_3.csproj", "{1A969BE1-0C27-40A8-BBFA-8009D6F83226}"
EndProject
Global
	GlobalSection(SolutionConfigurationPlatforms) = preSolution
		Debug|Any CPU = Debug|Any CPU
		Release|Any CPU = Release|Any CPU
	EndGlobalSection
	GlobalSection(ProjectConfigurationPlatforms) = postSolution
		{0E7F3F63-8D39-40D4-BBBE-179D461E1E50}.Debug|Any CPU.ActiveCfg = Debug|Any CPU
		{0E7F3F63-8D39-40D4-BBBE-179D461E1E50}.Debug|Any CPU.Build.0 = Debug|Any CPU
		{0E7F3F63-8D39-40D4-BBBE-179D461E1E50}.Release|Any CPU.ActiveCfg = Release|Any CPU
		{0E7F3F63-8D39-40D4-BBBE-179D461E1E50}.Release|Any CPU.Build.0 = Release|Any CPU
		{5A7BEA78-776C-4A4C-A379-CA9323E25F19}.Debug|Any CPU.ActiveCfg = Debug|Any CPU
		{5A7BEA78-776C-4A4C-A379-CA9323E25F19}.Debug|Any CPU.Build.0 = Debug|Any CPU
		{5A7BEA78-776C-4A4C-A379-CA9323E25F19}.Release|Any CPU.ActiveCfg = Release|Any CPU
		{5A7BEA78-776C-4A4C-A379-CA9323E25F19}.Release|Any CPU.Build.0 = Release|Any CPU
		{7056D56D-954A-4816-9885-8E73D3B2CDC3}.Debug|Any CPU.ActiveCfg = Debug|Any CPU
		{7056D56D-954A-4816-9885-8E73D3B2CDC3}.Debug|Any CPU.Build.0 = Debug|Any CPU
		{7056D56D-954A-4816-9885-8E73D3B2CDC3}.Release|Any CPU.ActiveCfg = Release|Any CPU
		{7056D56D-954A-4816-9885-8E73D3B2CDC3}.Release|Any CPU.Build.0 = Release|Any CPU
		{53CB95B7-D0C2-4E54-8382-A9D7280173C8}.Debug|Any CPU.ActiveCfg = Debug|Any CPU
		{53CB95B7-D0C2-4E54-8382-A9D7280173C8}.Debug|Any CPU.Build.0 = Debug|Any CPU
		{53CB95B7-D0C2-4E54-8382-A9D7280173C8}.Release|Any CPU.ActiveCfg = Release|Any CPU
		{53CB95B7-D0C2-4E54-8382-A9D7280173C8}.Release|Any CPU.Build.0 = Release|Any CPU
		{36910D6C-537F-4660-8F87-A298EE5C66F9}.Debug|Any CPU.ActiveCfg = Debug|Any CPU
		{36910D6C-537F-4660-8F87-A298EE5C66F9}.Debug|Any CPU.Build.0 = Debug|Any CPU
		{36910D6C-537F-4660-8F87-A298EE5C66F9}.Release|Any CPU.ActiveCfg = Release|Any CPU
		{36910D6C-537F-4660-8F87-A298EE5C66F9}.Release|Any CPU.Build.0 = Release|Any CPU
		{FD1774D3-FB9D-491A-AE05-74F11E9F4ABC}.Debug|Any CPU.ActiveCfg = Debug|Any CPU
		{FD1774D3-FB9D-491A-AE05-74F11E9F4ABC}.Debug|Any CPU.Build.0 = Debug|Any CPU
		{FD1774D3-FB9D-491A-AE05-74F11E9F4ABC}.Release|Any CPU.ActiveCfg = Release|Any CPU
		{FD1774D3-FB9D-491A-AE05-74F11E9F4ABC}.Release|Any CPU.Build.0 = Release|Any CPU
		{D12C9B15-8DF9-4E0F-89CA-BC9C76532437}.Debug|Any CPU.ActiveCfg = Debug|Any CPU
		{D12C9B15-8DF9-4E0F-89CA-BC9C76532437}.Debug|Any CPU.Build.0 = Debug|Any CPU
		{D12C9B15-8DF9-4E0F-89CA-BC9C76532437}.Release|Any CPU.ActiveCfg = Release|Any CPU
		{D12C9B15-8DF9-4E0F-89CA-BC9C76532437}.Release|Any CPU.Build.0 = Release|Any CPU
		{F63B2E31-C329-4D0E-BDE8-141C011F5083}.Debug|Any CPU.ActiveCfg = Debug|Any CPU
		{F63B2E31-C329-4D0E-BDE8-141C011F5083}.Debug|Any CPU.Build.0 = Debug|Any CPU
		{F63B2E31-C329-4D0E-BDE8-141C011F5083}.Release|Any CPU.ActiveCfg = Release|Any CPU
		{F63B2E31-C329-4D0E-BDE8-141C011F5083}.Release|Any CPU.Build.0 = Release|Any CPU
		{1AA5C709-9209-41C7-B605-B63BD16B80FD}.Debug|Any CPU.ActiveCfg = Debug|Any CPU
		{1AA5C709-9209-41C7-B605-B63BD16B80FD}.Debug|Any CPU.Build.0 = Debug|Any CPU
		{1AA5C709-9209-41C7-B605-B63BD16B80FD}.Release|Any CPU.ActiveCfg = Release|Any CPU
		{1AA5C709-9209-41C7-B605-B63BD16B80FD}.Release|Any CPU.Build.0 = Release|Any CPU
		{2FB93EBD-0886-4526-B58E-03FB3E7F83A0}.Debug|Any CPU.ActiveCfg = Debug|Any CPU
		{2FB93EBD-0886-4526-B58E-03FB3E7F83A0}.Debug|Any CPU.Build.0 = Debug|Any CPU
		{2FB93EBD-0886-4526-B58E-03FB3E7F83A0}.Release|Any CPU.ActiveCfg = Release|Any CPU
		{2FB93EBD-0886-4526-B58E-03FB3E7F83A0}.Release|Any CPU.Build.0 = Release|Any CPU
		{45B2E572-E598-49AA-81A0-A1584B8D48C6}.Debug|Any CPU.ActiveCfg = Debug|Any CPU
		{45B2E572-E598-49AA-81A0-A1584B8D48C6}.Debug|Any CPU.Build.0 = Debug|Any CPU
		{45B2E572-E598-49AA-81A0-A1584B8D48C6}.Release|Any CPU.ActiveCfg = Release|Any CPU
		{45B2E572-E598-49AA-81A0-A1584B8D48C6}.Release|Any CPU.Build.0 = Release|Any CPU
		{6BB29EAA-575A-427F-AA97-34E1755D7262}.Debug|Any CPU.ActiveCfg = Debug|Any CPU
		{6BB29EAA-575A-427F-AA97-34E1755D7262}.Debug|Any CPU.Build.0 = Debug|Any CPU
		{6BB29EAA-575A-427F-AA97-34E1755D7262}.Release|Any CPU.ActiveCfg = Release|Any CPU
		{6BB29EAA-575A-427F-AA97-34E1755D7262}.Release|Any CPU.Build.0 = Release|Any CPU
		{F1EC3D89-173E-48BE-9BA2-3807831F41AF}.Debug|Any CPU.ActiveCfg = Debug|Any CPU
		{F1EC3D89-173E-48BE-9BA2-3807831F41AF}.Debug|Any CPU.Build.0 = Debug|Any CPU
		{F1EC3D89-173E-48BE-9BA2-3807831F41AF}.Release|Any CPU.ActiveCfg = Release|Any CPU
		{F1EC3D89-173E-48BE-9BA2-3807831F41AF}.Release|Any CPU.Build.0 = Release|Any CPU
		{15BD349F-C34D-44EF-A2BF-009ED118CF97}.Debug|Any CPU.ActiveCfg = Debug|Any CPU
		{15BD349F-C34D-44EF-A2BF-009ED118CF97}.Debug|Any CPU.Build.0 = Debug|Any CPU
		{15BD349F-C34D-44EF-A2BF-009ED118CF97}.Release|Any CPU.ActiveCfg = Release|Any CPU
		{15BD349F-C34D-44EF-A2BF-009ED118CF97}.Release|Any CPU.Build.0 = Release|Any CPU
		{0F703342-81AA-47B5-9C4F-BC3999121940}.Debug|Any CPU.ActiveCfg = Debug|Any CPU
		{0F703342-81AA-47B5-9C4F-BC3999121940}.Debug|Any CPU.Build.0 = Debug|Any CPU
		{0F703342-81AA-47B5-9C4F-BC3999121940}.Release|Any CPU.ActiveCfg = Release|Any CPU
		{0F703342-81AA-47B5-9C4F-BC3999121940}.Release|Any CPU.Build.0 = Release|Any CPU
		{1780F221-B828-4A9E-8825-A8238AC38464}.Debug|Any CPU.ActiveCfg = Debug|Any CPU
		{1780F221-B828-4A9E-8825-A8238AC38464}.Debug|Any CPU.Build.0 = Debug|Any CPU
		{1780F221-B828-4A9E-8825-A8238AC38464}.Release|Any CPU.ActiveCfg = Release|Any CPU
		{1780F221-B828-4A9E-8825-A8238AC38464}.Release|Any CPU.Build.0 = Release|Any CPU
		{B32E6C2E-AE7C-4C39-8035-55579DD9CA2F}.Debug|Any CPU.ActiveCfg = Debug|Any CPU
		{B32E6C2E-AE7C-4C39-8035-55579DD9CA2F}.Debug|Any CPU.Build.0 = Debug|Any CPU
		{B32E6C2E-AE7C-4C39-8035-55579DD9CA2F}.Release|Any CPU.ActiveCfg = Release|Any CPU
		{B32E6C2E-AE7C-4C39-8035-55579DD9CA2F}.Release|Any CPU.Build.0 = Release|Any CPU
		{4D9A68AB-CDD1-418A-9215-84458A8C1823}.Debug|Any CPU.ActiveCfg = Debug|Any CPU
		{4D9A68AB-CDD1-418A-9215-84458A8C1823}.Debug|Any CPU.Build.0 = Debug|Any CPU
		{4D9A68AB-CDD1-418A-9215-84458A8C1823}.Release|Any CPU.ActiveCfg = Release|Any CPU
		{4D9A68AB-CDD1-418A-9215-84458A8C1823}.Release|Any CPU.Build.0 = Release|Any CPU
		{5D42B783-3C23-4500-BFAF-3429FBAC42D1}.Debug|Any CPU.ActiveCfg = Debug|Any CPU
		{5D42B783-3C23-4500-BFAF-3429FBAC42D1}.Debug|Any CPU.Build.0 = Debug|Any CPU
		{5D42B783-3C23-4500-BFAF-3429FBAC42D1}.Release|Any CPU.ActiveCfg = Release|Any CPU
		{5D42B783-3C23-4500-BFAF-3429FBAC42D1}.Release|Any CPU.Build.0 = Release|Any CPU
		{4BA3784F-D3D8-4DBF-AE25-ED2B3792E338}.Debug|Any CPU.ActiveCfg = Debug|Any CPU
		{4BA3784F-D3D8-4DBF-AE25-ED2B3792E338}.Debug|Any CPU.Build.0 = Debug|Any CPU
		{4BA3784F-D3D8-4DBF-AE25-ED2B3792E338}.Release|Any CPU.ActiveCfg = Release|Any CPU
		{4BA3784F-D3D8-4DBF-AE25-ED2B3792E338}.Release|Any CPU.Build.0 = Release|Any CPU
		{50FFE2F7-4801-4EF9-AA71-53FB154B78D6}.Debug|Any CPU.ActiveCfg = Debug|Any CPU
		{50FFE2F7-4801-4EF9-AA71-53FB154B78D6}.Debug|Any CPU.Build.0 = Debug|Any CPU
		{50FFE2F7-4801-4EF9-AA71-53FB154B78D6}.Release|Any CPU.ActiveCfg = Release|Any CPU
		{50FFE2F7-4801-4EF9-AA71-53FB154B78D6}.Release|Any CPU.Build.0 = Release|Any CPU
		{6EC0364A-D2B2-4514-9D2A-1FB3FCDF4739}.Debug|Any CPU.ActiveCfg = Debug|Any CPU
		{6EC0364A-D2B2-4514-9D2A-1FB3FCDF4739}.Debug|Any CPU.Build.0 = Debug|Any CPU
		{6EC0364A-D2B2-4514-9D2A-1FB3FCDF4739}.Release|Any CPU.ActiveCfg = Release|Any CPU
		{6EC0364A-D2B2-4514-9D2A-1FB3FCDF4739}.Release|Any CPU.Build.0 = Release|Any CPU
		{B1793118-8D90-4655-B99B-55D0CF9C6933}.Debug|Any CPU.ActiveCfg = Debug|Any CPU
		{B1793118-8D90-4655-B99B-55D0CF9C6933}.Debug|Any CPU.Build.0 = Debug|Any CPU
		{B1793118-8D90-4655-B99B-55D0CF9C6933}.Release|Any CPU.ActiveCfg = Release|Any CPU
		{B1793118-8D90-4655-B99B-55D0CF9C6933}.Release|Any CPU.Build.0 = Release|Any CPU
		{24D6378B-2020-4A61-8D74-A17AE92F5307}.Debug|Any CPU.ActiveCfg = Debug|Any CPU
		{24D6378B-2020-4A61-8D74-A17AE92F5307}.Debug|Any CPU.Build.0 = Debug|Any CPU
		{24D6378B-2020-4A61-8D74-A17AE92F5307}.Release|Any CPU.ActiveCfg = Release|Any CPU
		{24D6378B-2020-4A61-8D74-A17AE92F5307}.Release|Any CPU.Build.0 = Release|Any CPU
		{1C0CEBF9-C962-4744-B72A-6B7F4F15057E}.Debug|Any CPU.ActiveCfg = Debug|Any CPU
		{1C0CEBF9-C962-4744-B72A-6B7F4F15057E}.Debug|Any CPU.Build.0 = Debug|Any CPU
		{1C0CEBF9-C962-4744-B72A-6B7F4F15057E}.Release|Any CPU.ActiveCfg = Release|Any CPU
		{1C0CEBF9-C962-4744-B72A-6B7F4F15057E}.Release|Any CPU.Build.0 = Release|Any CPU
		{CAB2DD30-5A56-4745-9476-71875999E28C}.Debug|Any CPU.ActiveCfg = Debug|Any CPU
		{CAB2DD30-5A56-4745-9476-71875999E28C}.Debug|Any CPU.Build.0 = Debug|Any CPU
		{CAB2DD30-5A56-4745-9476-71875999E28C}.Release|Any CPU.ActiveCfg = Release|Any CPU
		{CAB2DD30-5A56-4745-9476-71875999E28C}.Release|Any CPU.Build.0 = Release|Any CPU
		{40B89351-5EBC-49C3-8024-DFCCE8BBDD6A}.Debug|Any CPU.ActiveCfg = Debug|Any CPU
		{40B89351-5EBC-49C3-8024-DFCCE8BBDD6A}.Debug|Any CPU.Build.0 = Debug|Any CPU
		{40B89351-5EBC-49C3-8024-DFCCE8BBDD6A}.Release|Any CPU.ActiveCfg = Release|Any CPU
		{40B89351-5EBC-49C3-8024-DFCCE8BBDD6A}.Release|Any CPU.Build.0 = Release|Any CPU
		{1A969BE1-0C27-40A8-BBFA-8009D6F83226}.Debug|Any CPU.ActiveCfg = Debug|Any CPU
		{1A969BE1-0C27-40A8-BBFA-8009D6F83226}.Debug|Any CPU.Build.0 = Debug|Any CPU
		{1A969BE1-0C27-40A8-BBFA-8009D6F83226}.Release|Any CPU.ActiveCfg = Release|Any CPU
		{1A969BE1-0C27-40A8-BBFA-8009D6F83226}.Release|Any CPU.Build.0 = Release|Any CPU
	EndGlobalSection
	GlobalSection(SolutionProperties) = preSolution
		HideSolutionNode = FALSE
	EndGlobalSection
	GlobalSection(NestedProjects) = preSolution
		{0E7F3F63-8D39-40D4-BBBE-179D461E1E50} = {DD7FEE27-856B-475C-AA5E-7CD2B0586DDA}
		{5A7BEA78-776C-4A4C-A379-CA9323E25F19} = {DD7FEE27-856B-475C-AA5E-7CD2B0586DDA}
		{7056D56D-954A-4816-9885-8E73D3B2CDC3} = {DD7FEE27-856B-475C-AA5E-7CD2B0586DDA}
		{53CB95B7-D0C2-4E54-8382-A9D7280173C8} = {DD7FEE27-856B-475C-AA5E-7CD2B0586DDA}
		{36910D6C-537F-4660-8F87-A298EE5C66F9} = {895688D5-4CB3-46DA-83CF-49F538477F33}
		{FD1774D3-FB9D-491A-AE05-74F11E9F4ABC} = {895688D5-4CB3-46DA-83CF-49F538477F33}
		{D12C9B15-8DF9-4E0F-89CA-BC9C76532437} = {895688D5-4CB3-46DA-83CF-49F538477F33}
		{F63B2E31-C329-4D0E-BDE8-141C011F5083} = {1CFA7217-2D02-4DB1-9905-FEFE72A180D8}
		{1AA5C709-9209-41C7-B605-B63BD16B80FD} = {1CFA7217-2D02-4DB1-9905-FEFE72A180D8}
		{2FB93EBD-0886-4526-B58E-03FB3E7F83A0} = {DB40599B-A9B2-42D5-816B-C0F57382240A}
		{45B2E572-E598-49AA-81A0-A1584B8D48C6} = {DB40599B-A9B2-42D5-816B-C0F57382240A}
		{6BB29EAA-575A-427F-AA97-34E1755D7262} = {DB40599B-A9B2-42D5-816B-C0F57382240A}
		{F1EC3D89-173E-48BE-9BA2-3807831F41AF} = {E793D30B-8980-4F08-BCDF-14173D7DAD30}
		{1CFA7217-2D02-4DB1-9905-FEFE72A180D8} = {99220935-BDDE-460B-A15F-D61F416A41AE}
		{DB40599B-A9B2-42D5-816B-C0F57382240A} = {99220935-BDDE-460B-A15F-D61F416A41AE}
		{15BD349F-C34D-44EF-A2BF-009ED118CF97} = {E793D30B-8980-4F08-BCDF-14173D7DAD30}
		{0F703342-81AA-47B5-9C4F-BC3999121940} = {E793D30B-8980-4F08-BCDF-14173D7DAD30}
		{2F5DA905-767C-4D6A-A2DD-06E8728707DB} = {8FD02703-D6A8-45FF-876C-54171198FDDD}
		{1780F221-B828-4A9E-8825-A8238AC38464} = {77DC947F-C82F-4C8B-A2A3-B6A4A51FA435}
		{CA23013C-47FC-49AE-ADA9-1FAC27D1DF1F} = {99220935-BDDE-460B-A15F-D61F416A41AE}
		{B32E6C2E-AE7C-4C39-8035-55579DD9CA2F} = {CA23013C-47FC-49AE-ADA9-1FAC27D1DF1F}
		{732DC86A-01A3-4553-99F4-E2EC30FCDDD5} = {8FD02703-D6A8-45FF-876C-54171198FDDD}
		{4D9A68AB-CDD1-418A-9215-84458A8C1823} = {732DC86A-01A3-4553-99F4-E2EC30FCDDD5}
		{5D42B783-3C23-4500-BFAF-3429FBAC42D1} = {732DC86A-01A3-4553-99F4-E2EC30FCDDD5}
		{0199AE78-45F0-4ACC-8E66-BF2A896EAA53} = {8FD02703-D6A8-45FF-876C-54171198FDDD}
		{4BA3784F-D3D8-4DBF-AE25-ED2B3792E338} = {0199AE78-45F0-4ACC-8E66-BF2A896EAA53}
		{50FFE2F7-4801-4EF9-AA71-53FB154B78D6} = {0199AE78-45F0-4ACC-8E66-BF2A896EAA53}
		{6EC0364A-D2B2-4514-9D2A-1FB3FCDF4739} = {0199AE78-45F0-4ACC-8E66-BF2A896EAA53}
		{87E4BDA6-5992-42E6-9A9D-D214D7140320} = {8FD02703-D6A8-45FF-876C-54171198FDDD}
		{B1793118-8D90-4655-B99B-55D0CF9C6933} = {87E4BDA6-5992-42E6-9A9D-D214D7140320}
		{24D6378B-2020-4A61-8D74-A17AE92F5307} = {2F5DA905-767C-4D6A-A2DD-06E8728707DB}
		{1C0CEBF9-C962-4744-B72A-6B7F4F15057E} = {2F5DA905-767C-4D6A-A2DD-06E8728707DB}
		{CAB2DD30-5A56-4745-9476-71875999E28C} = {2F5DA905-767C-4D6A-A2DD-06E8728707DB}
		{40B89351-5EBC-49C3-8024-DFCCE8BBDD6A} = {2F5DA905-767C-4D6A-A2DD-06E8728707DB}
		{DAC33A9E-4B55-4471-8964-DA13285BB9DB} = {99220935-BDDE-460B-A15F-D61F416A41AE}
		{1A969BE1-0C27-40A8-BBFA-8009D6F83226} = {DAC33A9E-4B55-4471-8964-DA13285BB9DB}
	EndGlobalSection
	GlobalSection(ExtensibilityGlobals) = postSolution
		SolutionGuid = {72F5ADAB-8057-4ACA-BF6E-FB14B1A93E24}
	EndGlobalSection
EndGlobal
