
Microsoft Visual Studio Solution File, Format Version 12.00
# Visual Studio Version 16
VisualStudioVersion = 16.0.29519.87
MinimumVisualStudioVersion = 10.0.40219.1
Project("{2150E333-8FDC-42A3-9474-1A3956D46DE8}") = "Week_1", "Week_1", "{DD7FEE27-856B-475C-AA5E-7CD2B0586DDA}"
EndProject
Project("{FAE04EC0-301F-11D3-BF4B-00C04F79EFBC}") = "Opdracht0", "Week_1\Opdracht_0\Opdracht0.csproj", "{0E7F3F63-8D39-40D4-BBBE-179D461E1E50}"
EndProject
Project("{FAE04EC0-301F-11D3-BF4B-00C04F79EFBC}") = "Opdracht1", "Week_1\Opdracht_1\Opdracht1.csproj", "{5A7BEA78-776C-4A4C-A379-CA9323E25F19}"
EndProject
Project("{FAE04EC0-301F-11D3-BF4B-00C04F79EFBC}") = "Opdracht2", "Week_1\Opdracht_2\Opdracht2.csproj", "{7056D56D-954A-4816-9885-8E73D3B2CDC3}"
EndProject
Project("{FAE04EC0-301F-11D3-BF4B-00C04F79EFBC}") = "Opdracht3", "Week_1\Opdracht_3\Opdracht3.csproj", "{53CB95B7-D0C2-4E54-8382-A9D7280173C8}"
EndProject
Project("{2150E333-8FDC-42A3-9474-1A3956D46DE8}") = "Week_2", "Week_2", "{895688D5-4CB3-46DA-83CF-49F538477F33}"
EndProject
Project("{FAE04EC0-301F-11D3-BF4B-00C04F79EFBC}") = "Opdracht1", "Week_2\Opdracht_1\Opdracht1.csproj", "{36910D6C-537F-4660-8F87-A298EE5C66F9}"
EndProject
Project("{FAE04EC0-301F-11D3-BF4B-00C04F79EFBC}") = "Opdracht2", "Week_2\Opdracht_2\Opdracht2.csproj", "{FD1774D3-FB9D-491A-AE05-74F11E9F4ABC}"
EndProject
Project("{FAE04EC0-301F-11D3-BF4B-00C04F79EFBC}") = "Opdracht3", "Week_2\Opdracht_3\Opdracht3.csproj", "{D12C9B15-8DF9-4E0F-89CA-BC9C76532437}"
EndProject
Project("{2150E333-8FDC-42A3-9474-1A3956D46DE8}") = "Week_3", "Week_3", "{99220935-BDDE-460B-A15F-D61F416A41AE}"
EndProject
Project("{FAE04EC0-301F-11D3-BF4B-00C04F79EFBC}") = "Opdracht1", "Week_3\Opdracht_1\Opdracht_1\Opdracht1.csproj", "{F63B2E31-C329-4D0E-BDE8-141C011F5083}"
EndProject
Project("{9A19103F-16F7-4668-BE54-9A1E7A4F7556}") = "MyTools", "Week_3\Opdracht_1\MyTools\MyTools.csproj", "{1AA5C709-9209-41C7-B605-B63BD16B80FD}"
EndProject
Project("{FAE04EC0-301F-11D3-BF4B-00C04F79EFBC}") = "Opdracht2", "Week_3\Opdracht_2\Opdracht_2\Opdracht2.csproj", "{2FB93EBD-0886-4526-B58E-03FB3E7F83A0}"
EndProject
Project("{FAE04EC0-301F-11D3-BF4B-00C04F79EFBC}") = "GalgjeLogica", "Week_3\Opdracht_2\GalgjeLogica\GalgjeLogica.csproj", "{45B2E572-E598-49AA-81A0-A1584B8D48C6}"
EndProject
Project("{FAE04EC0-301F-11D3-BF4B-00C04F79EFBC}") = "GalgjeDal", "Week_3\Opdracht_2\GalgjeDal\GalgjeDal.csproj", "{6BB29EAA-575A-427F-AA97-34E1755D7262}"
EndProject
Project("{2150E333-8FDC-42A3-9474-1A3956D46DE8}") = "Week_4", "Week_4", "{E793D30B-8980-4F08-BCDF-14173D7DAD30}"
EndProject
Project("{FAE04EC0-301F-11D3-BF4B-00C04F79EFBC}") = "Opdracht1", "Week_4\Opdracht_1\Opdracht1.csproj", "{F1EC3D89-173E-48BE-9BA2-3807831F41AF}"
EndProject
Project("{2150E333-8FDC-42A3-9474-1A3956D46DE8}") = "Opdracht_1", "Opdracht_1", "{1CFA7217-2D02-4DB1-9905-FEFE72A180D8}"
EndProject
Project("{2150E333-8FDC-42A3-9474-1A3956D46DE8}") = "Opdracht_2", "Opdracht_2", "{DB40599B-A9B2-42D5-816B-C0F57382240A}"
EndProject
Project("{FAE04EC0-301F-11D3-BF4B-00C04F79EFBC}") = "Opdracht2", "Opdracht2\Opdracht2.csproj", "{15BD349F-C34D-44EF-A2BF-009ED118CF97}"
EndProject
Project("{FAE04EC0-301F-11D3-BF4B-00C04F79EFBC}") = "Opdracht3", "Week_4\Opdracht3\Opdracht3.csproj", "{0F703342-81AA-47B5-9C4F-BC3999121940}"
EndProject
Project("{2150E333-8FDC-42A3-9474-1A3956D46DE8}") = "Opdracht_4", "Opdracht_4", "{50E60320-31A2-40C7-B46E-6462547B5439}"
EndProject
Project("{FAE04EC0-301F-11D3-BF4B-00C04F79EFBC}") = "Opdracht_4", "Opdracht_4\Opdracht_4.csproj", "{B32E6C2E-AE7C-4C39-8035-55579DD9CA2F}"
EndProject
Project("{2150E333-8FDC-42A3-9474-1A3956D46DE8}") = "Week_5", "Week_5", "{8FD02703-D6A8-45FF-876C-54171198FDDD}"
EndProject
Project("{2150E333-8FDC-42A3-9474-1A3956D46DE8}") = "Opdracht_4", "Opdracht_4", "{2F5DA905-767C-4D6A-A2DD-06E8728707DB}"
EndProject
Project("{FAE04EC0-301F-11D3-BF4B-00C04F79EFBC}") = "Opdracht_4", "Week_5\Opdracht_4\Opdracht_4\Opdracht_4.csproj", "{171EF451-C938-4396-A59D-312D302877B1}"
EndProject
Project("{2150E333-8FDC-42A3-9474-1A3956D46DE8}") = "Week_6", "Week_6", "{77DC947F-C82F-4C8B-A2A3-B6A4A51FA435}"
EndProject
Project("{FAE04EC0-301F-11D3-BF4B-00C04F79EFBC}") = "Opdracht 1, 2, 3", "Week_6\Opdracht 1, 2, 3\Opdracht 1, 2, 3.csproj", "{1780F221-B828-4A9E-8825-A8238AC38464}"
EndProject
Global
	GlobalSection(SolutionConfigurationPlatforms) = preSolution
		Debug|Any CPU = Debug|Any CPU
		Release|Any CPU = Release|Any CPU
	EndGlobalSection
	GlobalSection(ProjectConfigurationPlatforms) = postSolution
		{0E7F3F63-8D39-40D4-BBBE-179D461E1E50}.Debug|Any CPU.ActiveCfg = Debug|Any CPU
		{0E7F3F63-8D39-40D4-BBBE-179D461E1E50}.Debug|Any CPU.Build.0 = Debug|Any CPU
		{0E7F3F63-8D39-40D4-BBBE-179D461E1E50}.Release|Any CPU.ActiveCfg = Release|Any CPU
		{0E7F3F63-8D39-40D4-BBBE-179D461E1E50}.Release|Any CPU.Build.0 = Release|Any CPU
		{5A7BEA78-776C-4A4C-A379-CA9323E25F19}.Debug|Any CPU.ActiveCfg = Debug|Any CPU
		{5A7BEA78-776C-4A4C-A379-CA9323E25F19}.Debug|Any CPU.Build.0 = Debug|Any CPU
		{5A7BEA78-776C-4A4C-A379-CA9323E25F19}.Release|Any CPU.ActiveCfg = Release|Any CPU
		{5A7BEA78-776C-4A4C-A379-CA9323E25F19}.Release|Any CPU.Build.0 = Release|Any CPU
		{7056D56D-954A-4816-9885-8E73D3B2CDC3}.Debug|Any CPU.ActiveCfg = Debug|Any CPU
		{7056D56D-954A-4816-9885-8E73D3B2CDC3}.Debug|Any CPU.Build.0 = Debug|Any CPU
		{7056D56D-954A-4816-9885-8E73D3B2CDC3}.Release|Any CPU.ActiveCfg = Release|Any CPU
		{7056D56D-954A-4816-9885-8E73D3B2CDC3}.Release|Any CPU.Build.0 = Release|Any CPU
		{53CB95B7-D0C2-4E54-8382-A9D7280173C8}.Debug|Any CPU.ActiveCfg = Debug|Any CPU
		{53CB95B7-D0C2-4E54-8382-A9D7280173C8}.Debug|Any CPU.Build.0 = Debug|Any CPU
		{53CB95B7-D0C2-4E54-8382-A9D7280173C8}.Release|Any CPU.ActiveCfg = Release|Any CPU
		{53CB95B7-D0C2-4E54-8382-A9D7280173C8}.Release|Any CPU.Build.0 = Release|Any CPU
		{36910D6C-537F-4660-8F87-A298EE5C66F9}.Debug|Any CPU.ActiveCfg = Debug|Any CPU
		{36910D6C-537F-4660-8F87-A298EE5C66F9}.Debug|Any CPU.Build.0 = Debug|Any CPU
		{36910D6C-537F-4660-8F87-A298EE5C66F9}.Release|Any CPU.ActiveCfg = Release|Any CPU
		{36910D6C-537F-4660-8F87-A298EE5C66F9}.Release|Any CPU.Build.0 = Release|Any CPU
		{FD1774D3-FB9D-491A-AE05-74F11E9F4ABC}.Debug|Any CPU.ActiveCfg = Debug|Any CPU
		{FD1774D3-FB9D-491A-AE05-74F11E9F4ABC}.Debug|Any CPU.Build.0 = Debug|Any CPU
		{FD1774D3-FB9D-491A-AE05-74F11E9F4ABC}.Release|Any CPU.ActiveCfg = Release|Any CPU
		{FD1774D3-FB9D-491A-AE05-74F11E9F4ABC}.Release|Any CPU.Build.0 = Release|Any CPU
		{D12C9B15-8DF9-4E0F-89CA-BC9C76532437}.Debug|Any CPU.ActiveCfg = Debug|Any CPU
		{D12C9B15-8DF9-4E0F-89CA-BC9C76532437}.Debug|Any CPU.Build.0 = Debug|Any CPU
		{D12C9B15-8DF9-4E0F-89CA-BC9C76532437}.Release|Any CPU.ActiveCfg = Release|Any CPU
		{D12C9B15-8DF9-4E0F-89CA-BC9C76532437}.Release|Any CPU.Build.0 = Release|Any CPU
		{F63B2E31-C329-4D0E-BDE8-141C011F5083}.Debug|Any CPU.ActiveCfg = Debug|Any CPU
		{F63B2E31-C329-4D0E-BDE8-141C011F5083}.Debug|Any CPU.Build.0 = Debug|Any CPU
		{F63B2E31-C329-4D0E-BDE8-141C011F5083}.Release|Any CPU.ActiveCfg = Release|Any CPU
		{F63B2E31-C329-4D0E-BDE8-141C011F5083}.Release|Any CPU.Build.0 = Release|Any CPU
		{1AA5C709-9209-41C7-B605-B63BD16B80FD}.Debug|Any CPU.ActiveCfg = Debug|Any CPU
		{1AA5C709-9209-41C7-B605-B63BD16B80FD}.Debug|Any CPU.Build.0 = Debug|Any CPU
		{1AA5C709-9209-41C7-B605-B63BD16B80FD}.Release|Any CPU.ActiveCfg = Release|Any CPU
		{1AA5C709-9209-41C7-B605-B63BD16B80FD}.Release|Any CPU.Build.0 = Release|Any CPU
		{2FB93EBD-0886-4526-B58E-03FB3E7F83A0}.Debug|Any CPU.ActiveCfg = Debug|Any CPU
		{2FB93EBD-0886-4526-B58E-03FB3E7F83A0}.Debug|Any CPU.Build.0 = Debug|Any CPU
		{2FB93EBD-0886-4526-B58E-03FB3E7F83A0}.Release|Any CPU.ActiveCfg = Release|Any CPU
		{2FB93EBD-0886-4526-B58E-03FB3E7F83A0}.Release|Any CPU.Build.0 = Release|Any CPU
		{45B2E572-E598-49AA-81A0-A1584B8D48C6}.Debug|Any CPU.ActiveCfg = Debug|Any CPU
		{45B2E572-E598-49AA-81A0-A1584B8D48C6}.Debug|Any CPU.Build.0 = Debug|Any CPU
		{45B2E572-E598-49AA-81A0-A1584B8D48C6}.Release|Any CPU.ActiveCfg = Release|Any CPU
		{45B2E572-E598-49AA-81A0-A1584B8D48C6}.Release|Any CPU.Build.0 = Release|Any CPU
		{6BB29EAA-575A-427F-AA97-34E1755D7262}.Debug|Any CPU.ActiveCfg = Debug|Any CPU
		{6BB29EAA-575A-427F-AA97-34E1755D7262}.Debug|Any CPU.Build.0 = Debug|Any CPU
		{6BB29EAA-575A-427F-AA97-34E1755D7262}.Release|Any CPU.ActiveCfg = Release|Any CPU
		{6BB29EAA-575A-427F-AA97-34E1755D7262}.Release|Any CPU.Build.0 = Release|Any CPU
		{F1EC3D89-173E-48BE-9BA2-3807831F41AF}.Debug|Any CPU.ActiveCfg = Debug|Any CPU
		{F1EC3D89-173E-48BE-9BA2-3807831F41AF}.Debug|Any CPU.Build.0 = Debug|Any CPU
		{F1EC3D89-173E-48BE-9BA2-3807831F41AF}.Release|Any CPU.ActiveCfg = Release|Any CPU
		{F1EC3D89-173E-48BE-9BA2-3807831F41AF}.Release|Any CPU.Build.0 = Release|Any CPU
		{15BD349F-C34D-44EF-A2BF-009ED118CF97}.Debug|Any CPU.ActiveCfg = Debug|Any CPU
		{15BD349F-C34D-44EF-A2BF-009ED118CF97}.Debug|Any CPU.Build.0 = Debug|Any CPU
		{15BD349F-C34D-44EF-A2BF-009ED118CF97}.Release|Any CPU.ActiveCfg = Release|Any CPU
		{15BD349F-C34D-44EF-A2BF-009ED118CF97}.Release|Any CPU.Build.0 = Release|Any CPU
		{0F703342-81AA-47B5-9C4F-BC3999121940}.Debug|Any CPU.ActiveCfg = Debug|Any CPU
		{0F703342-81AA-47B5-9C4F-BC3999121940}.Debug|Any CPU.Build.0 = Debug|Any CPU
		{0F703342-81AA-47B5-9C4F-BC3999121940}.Release|Any CPU.ActiveCfg = Release|Any CPU
		{0F703342-81AA-47B5-9C4F-BC3999121940}.Release|Any CPU.Build.0 = Release|Any CPU
		{B32E6C2E-AE7C-4C39-8035-55579DD9CA2F}.Debug|Any CPU.ActiveCfg = Debug|Any CPU
		{B32E6C2E-AE7C-4C39-8035-55579DD9CA2F}.Debug|Any CPU.Build.0 = Debug|Any CPU
		{B32E6C2E-AE7C-4C39-8035-55579DD9CA2F}.Release|Any CPU.ActiveCfg = Release|Any CPU
		{B32E6C2E-AE7C-4C39-8035-55579DD9CA2F}.Release|Any CPU.Build.0 = Release|Any CPU
		{171EF451-C938-4396-A59D-312D302877B1}.Debug|Any CPU.ActiveCfg = Debug|Any CPU
		{171EF451-C938-4396-A59D-312D302877B1}.Debug|Any CPU.Build.0 = Debug|Any CPU
		{171EF451-C938-4396-A59D-312D302877B1}.Release|Any CPU.ActiveCfg = Release|Any CPU
		{171EF451-C938-4396-A59D-312D302877B1}.Release|Any CPU.Build.0 = Release|Any CPU
		{1780F221-B828-4A9E-8825-A8238AC38464}.Debug|Any CPU.ActiveCfg = Debug|Any CPU
		{1780F221-B828-4A9E-8825-A8238AC38464}.Debug|Any CPU.Build.0 = Debug|Any CPU
		{1780F221-B828-4A9E-8825-A8238AC38464}.Release|Any CPU.ActiveCfg = Release|Any CPU
		{1780F221-B828-4A9E-8825-A8238AC38464}.Release|Any CPU.Build.0 = Release|Any CPU
	EndGlobalSection
	GlobalSection(SolutionProperties) = preSolution
		HideSolutionNode = FALSE
	EndGlobalSection
	GlobalSection(NestedProjects) = preSolution
		{0E7F3F63-8D39-40D4-BBBE-179D461E1E50} = {DD7FEE27-856B-475C-AA5E-7CD2B0586DDA}
		{5A7BEA78-776C-4A4C-A379-CA9323E25F19} = {DD7FEE27-856B-475C-AA5E-7CD2B0586DDA}
		{7056D56D-954A-4816-9885-8E73D3B2CDC3} = {DD7FEE27-856B-475C-AA5E-7CD2B0586DDA}
		{53CB95B7-D0C2-4E54-8382-A9D7280173C8} = {DD7FEE27-856B-475C-AA5E-7CD2B0586DDA}
		{36910D6C-537F-4660-8F87-A298EE5C66F9} = {895688D5-4CB3-46DA-83CF-49F538477F33}
		{FD1774D3-FB9D-491A-AE05-74F11E9F4ABC} = {895688D5-4CB3-46DA-83CF-49F538477F33}
		{D12C9B15-8DF9-4E0F-89CA-BC9C76532437} = {895688D5-4CB3-46DA-83CF-49F538477F33}
		{F63B2E31-C329-4D0E-BDE8-141C011F5083} = {1CFA7217-2D02-4DB1-9905-FEFE72A180D8}
		{1AA5C709-9209-41C7-B605-B63BD16B80FD} = {1CFA7217-2D02-4DB1-9905-FEFE72A180D8}
		{2FB93EBD-0886-4526-B58E-03FB3E7F83A0} = {DB40599B-A9B2-42D5-816B-C0F57382240A}
		{45B2E572-E598-49AA-81A0-A1584B8D48C6} = {DB40599B-A9B2-42D5-816B-C0F57382240A}
		{6BB29EAA-575A-427F-AA97-34E1755D7262} = {DB40599B-A9B2-42D5-816B-C0F57382240A}
		{F1EC3D89-173E-48BE-9BA2-3807831F41AF} = {E793D30B-8980-4F08-BCDF-14173D7DAD30}
		{1CFA7217-2D02-4DB1-9905-FEFE72A180D8} = {99220935-BDDE-460B-A15F-D61F416A41AE}
		{DB40599B-A9B2-42D5-816B-C0F57382240A} = {99220935-BDDE-460B-A15F-D61F416A41AE}
		{15BD349F-C34D-44EF-A2BF-009ED118CF97} = {E793D30B-8980-4F08-BCDF-14173D7DAD30}
		{0F703342-81AA-47B5-9C4F-BC3999121940} = {E793D30B-8980-4F08-BCDF-14173D7DAD30}
		{50E60320-31A2-40C7-B46E-6462547B5439} = {99220935-BDDE-460B-A15F-D61F416A41AE}
		{B32E6C2E-AE7C-4C39-8035-55579DD9CA2F} = {50E60320-31A2-40C7-B46E-6462547B5439}
		{2F5DA905-767C-4D6A-A2DD-06E8728707DB} = {8FD02703-D6A8-45FF-876C-54171198FDDD}
		{171EF451-C938-4396-A59D-312D302877B1} = {2F5DA905-767C-4D6A-A2DD-06E8728707DB}
		{1780F221-B828-4A9E-8825-A8238AC38464} = {77DC947F-C82F-4C8B-A2A3-B6A4A51FA435}
	EndGlobalSection
	GlobalSection(ExtensibilityGlobals) = postSolution
		SolutionGuid = {72F5ADAB-8057-4ACA-BF6E-FB14B1A93E24}
	EndGlobalSection
EndGlobal
